{
  "name": "ajs_node",
  "version": "1.0.0",
  "lockfileVersion": 1,
  "requires": true,
  "dependencies": {
    "@yuliaelkina/ajs": {
      "version": "1.0.0",
      "resolved": "https://npm.pkg.github.com/download/@yuliaelkina/ajs/1.0.0/7ef1a78b2fa5a401f4b6f361b14c32059478b0d8b231292ebb940f66d6f605e3",
      "integrity": "sha512-6H79Ohh3R8Cl89mTzYrI0SUR4xBNBgaNot25HbJxuOpTq8qL3xPsu5AZYeG5k7EVZEhEHwvBdcS+1ZfWf3lqNg=="
    }
  }
}
